
Microsoft Visual Studio Solution File, Format Version 12.00
# Visual Studio Version 17
VisualStudioVersion = 17.7.34031.279
MinimumVisualStudioVersion = 10.0.40219.1
Project("{FAE04EC0-301F-11D3-BF4B-00C04F79EFBC}") = "Delegate.Tasks24.10", "Delegate.Tasks24.10\Delegate.Tasks24.10.csproj", "{482A241F-972C-4029-A26C-C25729546BB8}"
EndProject
Global
	GlobalSection(SolutionConfigurationPlatforms) = preSolution
		Debug|Any CPU = Debug|Any CPU
		Release|Any CPU = Release|Any CPU
	EndGlobalSection
	GlobalSection(ProjectConfigurationPlatforms) = postSolution
		{482A241F-972C-4029-A26C-C25729546BB8}.Debug|Any CPU.ActiveCfg = Debug|Any CPU
		{482A241F-972C-4029-A26C-C25729546BB8}.Debug|Any CPU.Build.0 = Debug|Any CPU
		{482A241F-972C-4029-A26C-C25729546BB8}.Release|Any CPU.ActiveCfg = Release|Any CPU
		{482A241F-972C-4029-A26C-C25729546BB8}.Release|Any CPU.Build.0 = Release|Any CPU
	EndGlobalSection
	GlobalSection(SolutionProperties) = preSolution
		HideSolutionNode = FALSE
	EndGlobalSection
	GlobalSection(ExtensibilityGlobals) = postSolution
		SolutionGuid = {ED058CFD-F36D-4D27-B87E-5F11745B98B9}
	EndGlobalSection
EndGlobal
